// !$*UTF8*$!
{
	archiveVersion = 1;
	classes = {
	};
	objectVersion = 56;
	objects = {

/* Begin PBXBuildFile section */
		B11CEAF42B351691005A9C95 /* FirebaseDemoProjectsApp.swift in Sources */ = {isa = PBXBuildFile; fileRef = B11CEAF32B351691005A9C95 /* FirebaseDemoProjectsApp.swift */; };
		B11CEAF62B351691005A9C95 /* AddProductView.swift in Sources */ = {isa = PBXBuildFile; fileRef = B11CEAF52B351691005A9C95 /* AddProductView.swift */; };
		B11CEAF82B351692005A9C95 /* Assets.xcassets in Resources */ = {isa = PBXBuildFile; fileRef = B11CEAF72B351692005A9C95 /* Assets.xcassets */; };
		B11CEAFB2B351692005A9C95 /* Preview Assets.xcassets in Resources */ = {isa = PBXBuildFile; fileRef = B11CEAFA2B351692005A9C95 /* Preview Assets.xcassets */; };
		B11CEB052B351692005A9C95 /* FirebaseDemoProjectsTests.swift in Sources */ = {isa = PBXBuildFile; fileRef = B11CEB042B351692005A9C95 /* FirebaseDemoProjectsTests.swift */; };
		B11CEB0F2B351692005A9C95 /* FirebaseDemoProjectsUITests.swift in Sources */ = {isa = PBXBuildFile; fileRef = B11CEB0E2B351692005A9C95 /* FirebaseDemoProjectsUITests.swift */; };
		B11CEB112B351692005A9C95 /* FirebaseDemoProjectsUITestsLaunchTests.swift in Sources */ = {isa = PBXBuildFile; fileRef = B11CEB102B351692005A9C95 /* FirebaseDemoProjectsUITestsLaunchTests.swift */; };
		B11CEB1E2B3518AC005A9C95 /* GoogleService-Info.plist in Resources */ = {isa = PBXBuildFile; fileRef = B11CEB1D2B3518AC005A9C95 /* GoogleService-Info.plist */; };
		B11CEB212B3520F4005A9C95 /* FirebaseAnalytics in Frameworks */ = {isa = PBXBuildFile; productRef = B11CEB202B3520F4005A9C95 /* FirebaseAnalytics */; };
		B11CEB232B3520F4005A9C95 /* FirebaseAnalyticsSwift in Frameworks */ = {isa = PBXBuildFile; productRef = B11CEB222B3520F4005A9C95 /* FirebaseAnalyticsSwift */; };
		B17CDDC52B47D58F0046FADC /* Restaurant.swift in Sources */ = {isa = PBXBuildFile; fileRef = B17CDDC42B47D58F0046FADC /* Restaurant.swift */; };
		B17CDDC92B47D7FB0046FADC /* FirebaseFirestore in Frameworks */ = {isa = PBXBuildFile; productRef = B17CDDC82B47D7FB0046FADC /* FirebaseFirestore */; };
		B17CDDCB2B47DD4C0046FADC /* FireStoreView.swift in Sources */ = {isa = PBXBuildFile; fileRef = B17CDDCA2B47DD4C0046FADC /* FireStoreView.swift */; };
		B1976AE12B4BBFF800DEA236 /* Recordings.swift in Sources */ = {isa = PBXBuildFile; fileRef = B1976AE02B4BBFF800DEA236 /* Recordings.swift */; };
		B1976AE32B4BC28300DEA236 /* AddRecordView.swift in Sources */ = {isa = PBXBuildFile; fileRef = B1976AE22B4BC28300DEA236 /* AddRecordView.swift */; };
		B1976AE52B4BC36C00DEA236 /* RecordHomeView.swift in Sources */ = {isa = PBXBuildFile; fileRef = B1976AE42B4BC36C00DEA236 /* RecordHomeView.swift */; };
		B1FEEE062B465258002DE584 /* Product.swift in Sources */ = {isa = PBXBuildFile; fileRef = B1FEEE052B465258002DE584 /* Product.swift */; };
		B1FEEE092B4657BC002DE584 /* FirebaseDatabase in Frameworks */ = {isa = PBXBuildFile; productRef = B1FEEE082B4657BC002DE584 /* FirebaseDatabase */; };
		B1FEEE0B2B4657C5002DE584 /* FirebaseDatabaseSwift in Frameworks */ = {isa = PBXBuildFile; productRef = B1FEEE0A2B4657C5002DE584 /* FirebaseDatabaseSwift */; };
		B1FEEE0D2B468F18002DE584 /* ProductDetailView.swift in Sources */ = {isa = PBXBuildFile; fileRef = B1FEEE0C2B468F18002DE584 /* ProductDetailView.swift */; };
		B1FEEE0F2B4694C9002DE584 /* HomeView.swift in Sources */ = {isa = PBXBuildFile; fileRef = B1FEEE0E2B4694C9002DE584 /* HomeView.swift */; };
		B1FEEE112B469D27002DE584 /* EditInformationView.swift in Sources */ = {isa = PBXBuildFile; fileRef = B1FEEE102B469D27002DE584 /* EditInformationView.swift */; };
		B1FFE91F2B4CCDF4004F5BE7 /* StorageManager.swift in Sources */ = {isa = PBXBuildFile; fileRef = B1FFE91E2B4CCDF4004F5BE7 /* StorageManager.swift */; };
		B1FFE9212B4CCDFE004F5BE7 /* StorageView.swift in Sources */ = {isa = PBXBuildFile; fileRef = B1FFE9202B4CCDFE004F5BE7 /* StorageView.swift */; };
		B1FFE9232B4CCEBE004F5BE7 /* ImageView.swift in Sources */ = {isa = PBXBuildFile; fileRef = B1FFE9222B4CCEBE004F5BE7 /* ImageView.swift */; };
		B1FFE9252B4CCFD8004F5BE7 /* FirebaseStorage in Frameworks */ = {isa = PBXBuildFile; productRef = B1FFE9242B4CCFD8004F5BE7 /* FirebaseStorage */; };
		B1FFE9282B4CDB1C004F5BE7 /* AuthView.swift in Sources */ = {isa = PBXBuildFile; fileRef = B1FFE9272B4CDB1C004F5BE7 /* AuthView.swift */; };
		B1FFE92A2B4CDBC1004F5BE7 /* FirebaseAuth in Frameworks */ = {isa = PBXBuildFile; productRef = B1FFE9292B4CDBC1004F5BE7 /* FirebaseAuth */; };
		B1FFE92C2B4CE55E004F5BE7 /* AuthManager.swift in Sources */ = {isa = PBXBuildFile; fileRef = B1FFE92B2B4CE55E004F5BE7 /* AuthManager.swift */; };
		B1FFE92E2B4CFEF1004F5BE7 /* AuthAddView.swift in Sources */ = {isa = PBXBuildFile; fileRef = B1FFE92D2B4CFEF1004F5BE7 /* AuthAddView.swift */; };
/* End PBXBuildFile section */

/* Begin PBXContainerItemProxy section */
		B11CEB012B351692005A9C95 /* PBXContainerItemProxy */ = {
			isa = PBXContainerItemProxy;
			containerPortal = B11CEAE82B351691005A9C95 /* Project object */;
			proxyType = 1;
			remoteGlobalIDString = B11CEAEF2B351691005A9C95;
			remoteInfo = FirebaseDemoProjects;
		};
		B11CEB0B2B351692005A9C95 /* PBXContainerItemProxy */ = {
			isa = PBXContainerItemProxy;
			containerPortal = B11CEAE82B351691005A9C95 /* Project object */;
			proxyType = 1;
			remoteGlobalIDString = B11CEAEF2B351691005A9C95;
			remoteInfo = FirebaseDemoProjects;
		};
/* End PBXContainerItemProxy section */

/* Begin PBXFileReference section */
		B11CEAF02B351691005A9C95 /* FirebaseDemoProjects.app */ = {isa = PBXFileReference; explicitFileType = wrapper.application; includeInIndex = 0; path = FirebaseDemoProjects.app; sourceTree = BUILT_PRODUCTS_DIR; };
		B11CEAF32B351691005A9C95 /* FirebaseDemoProjectsApp.swift */ = {isa = PBXFileReference; lastKnownFileType = sourcecode.swift; path = FirebaseDemoProjectsApp.swift; sourceTree = "<group>"; };
		B11CEAF52B351691005A9C95 /* AddProductView.swift */ = {isa = PBXFileReference; lastKnownFileType = sourcecode.swift; path = AddProductView.swift; sourceTree = "<group>"; };
		B11CEAF72B351692005A9C95 /* Assets.xcassets */ = {isa = PBXFileReference; lastKnownFileType = folder.assetcatalog; path = Assets.xcassets; sourceTree = "<group>"; };
		B11CEAFA2B351692005A9C95 /* Preview Assets.xcassets */ = {isa = PBXFileReference; lastKnownFileType = folder.assetcatalog; path = "Preview Assets.xcassets"; sourceTree = "<group>"; };
		B11CEB002B351692005A9C95 /* FirebaseDemoProjectsTests.xctest */ = {isa = PBXFileReference; explicitFileType = wrapper.cfbundle; includeInIndex = 0; path = FirebaseDemoProjectsTests.xctest; sourceTree = BUILT_PRODUCTS_DIR; };
		B11CEB042B351692005A9C95 /* FirebaseDemoProjectsTests.swift */ = {isa = PBXFileReference; lastKnownFileType = sourcecode.swift; path = FirebaseDemoProjectsTests.swift; sourceTree = "<group>"; };
		B11CEB0A2B351692005A9C95 /* FirebaseDemoProjectsUITests.xctest */ = {isa = PBXFileReference; explicitFileType = wrapper.cfbundle; includeInIndex = 0; path = FirebaseDemoProjectsUITests.xctest; sourceTree = BUILT_PRODUCTS_DIR; };
		B11CEB0E2B351692005A9C95 /* FirebaseDemoProjectsUITests.swift */ = {isa = PBXFileReference; lastKnownFileType = sourcecode.swift; path = FirebaseDemoProjectsUITests.swift; sourceTree = "<group>"; };
		B11CEB102B351692005A9C95 /* FirebaseDemoProjectsUITestsLaunchTests.swift */ = {isa = PBXFileReference; lastKnownFileType = sourcecode.swift; path = FirebaseDemoProjectsUITestsLaunchTests.swift; sourceTree = "<group>"; };
		B11CEB1D2B3518AC005A9C95 /* GoogleService-Info.plist */ = {isa = PBXFileReference; fileEncoding = 4; lastKnownFileType = text.plist.xml; path = "GoogleService-Info.plist"; sourceTree = "<group>"; };
		B17CDDC42B47D58F0046FADC /* Restaurant.swift */ = {isa = PBXFileReference; lastKnownFileType = sourcecode.swift; path = Restaurant.swift; sourceTree = "<group>"; };
		B17CDDCA2B47DD4C0046FADC /* FireStoreView.swift */ = {isa = PBXFileReference; lastKnownFileType = sourcecode.swift; path = FireStoreView.swift; sourceTree = "<group>"; };
		B1976AE02B4BBFF800DEA236 /* Recordings.swift */ = {isa = PBXFileReference; lastKnownFileType = sourcecode.swift; path = Recordings.swift; sourceTree = "<group>"; };
		B1976AE22B4BC28300DEA236 /* AddRecordView.swift */ = {isa = PBXFileReference; lastKnownFileType = sourcecode.swift; path = AddRecordView.swift; sourceTree = "<group>"; };
		B1976AE42B4BC36C00DEA236 /* RecordHomeView.swift */ = {isa = PBXFileReference; lastKnownFileType = sourcecode.swift; path = RecordHomeView.swift; sourceTree = "<group>"; };
		B1FEEE052B465258002DE584 /* Product.swift */ = {isa = PBXFileReference; lastKnownFileType = sourcecode.swift; path = Product.swift; sourceTree = "<group>"; };
		B1FEEE0C2B468F18002DE584 /* ProductDetailView.swift */ = {isa = PBXFileReference; lastKnownFileType = sourcecode.swift; path = ProductDetailView.swift; sourceTree = "<group>"; };
		B1FEEE0E2B4694C9002DE584 /* HomeView.swift */ = {isa = PBXFileReference; lastKnownFileType = sourcecode.swift; path = HomeView.swift; sourceTree = "<group>"; };
		B1FEEE102B469D27002DE584 /* EditInformationView.swift */ = {isa = PBXFileReference; lastKnownFileType = sourcecode.swift; path = EditInformationView.swift; sourceTree = "<group>"; };
		B1FFE91E2B4CCDF4004F5BE7 /* StorageManager.swift */ = {isa = PBXFileReference; lastKnownFileType = sourcecode.swift; path = StorageManager.swift; sourceTree = "<group>"; };
		B1FFE9202B4CCDFE004F5BE7 /* StorageView.swift */ = {isa = PBXFileReference; lastKnownFileType = sourcecode.swift; path = StorageView.swift; sourceTree = "<group>"; };
		B1FFE9222B4CCEBE004F5BE7 /* ImageView.swift */ = {isa = PBXFileReference; lastKnownFileType = sourcecode.swift; path = ImageView.swift; sourceTree = "<group>"; };
		B1FFE9272B4CDB1C004F5BE7 /* AuthView.swift */ = {isa = PBXFileReference; lastKnownFileType = sourcecode.swift; path = AuthView.swift; sourceTree = "<group>"; };
		B1FFE92B2B4CE55E004F5BE7 /* AuthManager.swift */ = {isa = PBXFileReference; lastKnownFileType = sourcecode.swift; path = AuthManager.swift; sourceTree = "<group>"; };
		B1FFE92D2B4CFEF1004F5BE7 /* AuthAddView.swift */ = {isa = PBXFileReference; lastKnownFileType = sourcecode.swift; path = AuthAddView.swift; sourceTree = "<group>"; };
/* End PBXFileReference section */

/* Begin PBXFrameworksBuildPhase section */
		B11CEAED2B351691005A9C95 /* Frameworks */ = {
			isa = PBXFrameworksBuildPhase;
			buildActionMask = 2147483647;
			files = (
				B1FEEE0B2B4657C5002DE584 /* FirebaseDatabaseSwift in Frameworks */,
				B1FEEE092B4657BC002DE584 /* FirebaseDatabase in Frameworks */,
				B11CEB232B3520F4005A9C95 /* FirebaseAnalyticsSwift in Frameworks */,
				B17CDDC92B47D7FB0046FADC /* FirebaseFirestore in Frameworks */,
				B11CEB212B3520F4005A9C95 /* FirebaseAnalytics in Frameworks */,
				B1FFE92A2B4CDBC1004F5BE7 /* FirebaseAuth in Frameworks */,
				B1FFE9252B4CCFD8004F5BE7 /* FirebaseStorage in Frameworks */,
			);
			runOnlyForDeploymentPostprocessing = 0;
		};
		B11CEAFD2B351692005A9C95 /* Frameworks */ = {
			isa = PBXFrameworksBuildPhase;
			buildActionMask = 2147483647;
			files = (
			);
			runOnlyForDeploymentPostprocessing = 0;
		};
		B11CEB072B351692005A9C95 /* Frameworks */ = {
			isa = PBXFrameworksBuildPhase;
			buildActionMask = 2147483647;
			files = (
			);
			runOnlyForDeploymentPostprocessing = 0;
		};
/* End PBXFrameworksBuildPhase section */

/* Begin PBXGroup section */
		B11CEAE72B351691005A9C95 = {
			isa = PBXGroup;
			children = (
				B11CEAF22B351691005A9C95 /* FirebaseDemoProjects */,
				B11CEB032B351692005A9C95 /* FirebaseDemoProjectsTests */,
				B11CEB0D2B351692005A9C95 /* FirebaseDemoProjectsUITests */,
				B11CEAF12B351691005A9C95 /* Products */,
				B1FEEE072B4657BC002DE584 /* Frameworks */,
			);
			sourceTree = "<group>";
		};
		B11CEAF12B351691005A9C95 /* Products */ = {
			isa = PBXGroup;
			children = (
				B11CEAF02B351691005A9C95 /* FirebaseDemoProjects.app */,
				B11CEB002B351692005A9C95 /* FirebaseDemoProjectsTests.xctest */,
				B11CEB0A2B351692005A9C95 /* FirebaseDemoProjectsUITests.xctest */,
			);
			name = Products;
			sourceTree = "<group>";
		};
		B11CEAF22B351691005A9C95 /* FirebaseDemoProjects */ = {
			isa = PBXGroup;
			children = (
				B1FFE9262B4CDB07004F5BE7 /* Authentication  */,
				B1FFE91D2B4CCDDC004F5BE7 /* Storage */,
				B1976ADF2B4BBFE200DEA236 /* Recording */,
				B17CDDC72B47D5B60046FADC /* Restaurants */,
				B17CDDC62B47D5AE0046FADC /* Product */,
				B11CEB1D2B3518AC005A9C95 /* GoogleService-Info.plist */,
				B11CEAF32B351691005A9C95 /* FirebaseDemoProjectsApp.swift */,
				B11CEAF72B351692005A9C95 /* Assets.xcassets */,
				B11CEAF92B351692005A9C95 /* Preview Content */,
			);
			path = FirebaseDemoProjects;
			sourceTree = "<group>";
		};
		B11CEAF92B351692005A9C95 /* Preview Content */ = {
			isa = PBXGroup;
			children = (
				B11CEAFA2B351692005A9C95 /* Preview Assets.xcassets */,
			);
			path = "Preview Content";
			sourceTree = "<group>";
		};
		B11CEB032B351692005A9C95 /* FirebaseDemoProjectsTests */ = {
			isa = PBXGroup;
			children = (
				B11CEB042B351692005A9C95 /* FirebaseDemoProjectsTests.swift */,
			);
			path = FirebaseDemoProjectsTests;
			sourceTree = "<group>";
		};
		B11CEB0D2B351692005A9C95 /* FirebaseDemoProjectsUITests */ = {
			isa = PBXGroup;
			children = (
				B11CEB0E2B351692005A9C95 /* FirebaseDemoProjectsUITests.swift */,
				B11CEB102B351692005A9C95 /* FirebaseDemoProjectsUITestsLaunchTests.swift */,
			);
			path = FirebaseDemoProjectsUITests;
			sourceTree = "<group>";
		};
		B17CDDC62B47D5AE0046FADC /* Product */ = {
			isa = PBXGroup;
			children = (
				B1FEEE052B465258002DE584 /* Product.swift */,
				B11CEAF52B351691005A9C95 /* AddProductView.swift */,
				B1FEEE0C2B468F18002DE584 /* ProductDetailView.swift */,
				B1FEEE102B469D27002DE584 /* EditInformationView.swift */,
				B1FEEE0E2B4694C9002DE584 /* HomeView.swift */,
			);
			path = Product;
			sourceTree = "<group>";
		};
		B17CDDC72B47D5B60046FADC /* Restaurants */ = {
			isa = PBXGroup;
			children = (
				B17CDDC42B47D58F0046FADC /* Restaurant.swift */,
				B17CDDCA2B47DD4C0046FADC /* FireStoreView.swift */,
			);
			path = Restaurants;
			sourceTree = "<group>";
		};
		B1976ADF2B4BBFE200DEA236 /* Recording */ = {
			isa = PBXGroup;
			children = (
				B1976AE02B4BBFF800DEA236 /* Recordings.swift */,
				B1976AE22B4BC28300DEA236 /* AddRecordView.swift */,
				B1976AE42B4BC36C00DEA236 /* RecordHomeView.swift */,
			);
			path = Recording;
			sourceTree = "<group>";
		};
		B1FEEE072B4657BC002DE584 /* Frameworks */ = {
			isa = PBXGroup;
			children = (
			);
			name = Frameworks;
			sourceTree = "<group>";
		};
		B1FFE91D2B4CCDDC004F5BE7 /* Storage */ = {
			isa = PBXGroup;
			children = (
				B1FFE91E2B4CCDF4004F5BE7 /* StorageManager.swift */,
				B1FFE9202B4CCDFE004F5BE7 /* StorageView.swift */,
				B1FFE9222B4CCEBE004F5BE7 /* ImageView.swift */,
			);
			path = Storage;
			sourceTree = "<group>";
		};
		B1FFE9262B4CDB07004F5BE7 /* Authentication  */ = {
			isa = PBXGroup;
			children = (
				B1FFE9272B4CDB1C004F5BE7 /* AuthView.swift */,
				B1FFE92B2B4CE55E004F5BE7 /* AuthManager.swift */,
				B1FFE92D2B4CFEF1004F5BE7 /* AuthAddView.swift */,
			);
			path = "Authentication ";
			sourceTree = "<group>";
		};
/* End PBXGroup section */

/* Begin PBXNativeTarget section */
		B11CEAEF2B351691005A9C95 /* FirebaseDemoProjects */ = {
			isa = PBXNativeTarget;
			buildConfigurationList = B11CEB142B351692005A9C95 /* Build configuration list for PBXNativeTarget "FirebaseDemoProjects" */;
			buildPhases = (
				B11CEAEC2B351691005A9C95 /* Sources */,
				B11CEAED2B351691005A9C95 /* Frameworks */,
				B11CEAEE2B351691005A9C95 /* Resources */,
			);
			buildRules = (
			);
			dependencies = (
			);
			name = FirebaseDemoProjects;
			packageProductDependencies = (
				B11CEB202B3520F4005A9C95 /* FirebaseAnalytics */,
				B11CEB222B3520F4005A9C95 /* FirebaseAnalyticsSwift */,
				B1FEEE082B4657BC002DE584 /* FirebaseDatabase */,
				B1FEEE0A2B4657C5002DE584 /* FirebaseDatabaseSwift */,
				B17CDDC82B47D7FB0046FADC /* FirebaseFirestore */,
				B1FFE9242B4CCFD8004F5BE7 /* FirebaseStorage */,
				B1FFE9292B4CDBC1004F5BE7 /* FirebaseAuth */,
			);
			productName = FirebaseDemoProjects;
			productReference = B11CEAF02B351691005A9C95 /* FirebaseDemoProjects.app */;
			productType = "com.apple.product-type.application";
		};
		B11CEAFF2B351692005A9C95 /* FirebaseDemoProjectsTests */ = {
			isa = PBXNativeTarget;
			buildConfigurationList = B11CEB172B351692005A9C95 /* Build configuration list for PBXNativeTarget "FirebaseDemoProjectsTests" */;
			buildPhases = (
				B11CEAFC2B351692005A9C95 /* Sources */,
				B11CEAFD2B351692005A9C95 /* Frameworks */,
				B11CEAFE2B351692005A9C95 /* Resources */,
			);
			buildRules = (
			);
			dependencies = (
				B11CEB022B351692005A9C95 /* PBXTargetDependency */,
			);
			name = FirebaseDemoProjectsTests;
			productName = FirebaseDemoProjectsTests;
			productReference = B11CEB002B351692005A9C95 /* FirebaseDemoProjectsTests.xctest */;
			productType = "com.apple.product-type.bundle.unit-test";
		};
		B11CEB092B351692005A9C95 /* FirebaseDemoProjectsUITests */ = {
			isa = PBXNativeTarget;
			buildConfigurationList = B11CEB1A2B351692005A9C95 /* Build configuration list for PBXNativeTarget "FirebaseDemoProjectsUITests" */;
			buildPhases = (
				B11CEB062B351692005A9C95 /* Sources */,
				B11CEB072B351692005A9C95 /* Frameworks */,
				B11CEB082B351692005A9C95 /* Resources */,
			);
			buildRules = (
			);
			dependencies = (
				B11CEB0C2B351692005A9C95 /* PBXTargetDependency */,
			);
			name = FirebaseDemoProjectsUITests;
			productName = FirebaseDemoProjectsUITests;
			productReference = B11CEB0A2B351692005A9C95 /* FirebaseDemoProjectsUITests.xctest */;
			productType = "com.apple.product-type.bundle.ui-testing";
		};
/* End PBXNativeTarget section */

/* Begin PBXProject section */
		B11CEAE82B351691005A9C95 /* Project object */ = {
			isa = PBXProject;
			attributes = {
				BuildIndependentTargetsInParallel = 1;
				LastSwiftUpdateCheck = 1500;
				LastUpgradeCheck = 1500;
				TargetAttributes = {
					B11CEAEF2B351691005A9C95 = {
						CreatedOnToolsVersion = 15.0;
					};
					B11CEAFF2B351692005A9C95 = {
						CreatedOnToolsVersion = 15.0;
						TestTargetID = B11CEAEF2B351691005A9C95;
					};
					B11CEB092B351692005A9C95 = {
						CreatedOnToolsVersion = 15.0;
						TestTargetID = B11CEAEF2B351691005A9C95;
					};
				};
			};
			buildConfigurationList = B11CEAEB2B351691005A9C95 /* Build configuration list for PBXProject "FirebaseDemoProjects" */;
			compatibilityVersion = "Xcode 14.0";
			developmentRegion = en;
			hasScannedForEncodings = 0;
			knownRegions = (
				en,
				Base,
			);
			mainGroup = B11CEAE72B351691005A9C95;
			packageReferences = (
				B11CEB1F2B351BE2005A9C95 /* XCRemoteSwiftPackageReference "firebase-ios-sdk" */,
			);
			productRefGroup = B11CEAF12B351691005A9C95 /* Products */;
			projectDirPath = "";
			projectRoot = "";
			targets = (
				B11CEAEF2B351691005A9C95 /* FirebaseDemoProjects */,
				B11CEAFF2B351692005A9C95 /* FirebaseDemoProjectsTests */,
				B11CEB092B351692005A9C95 /* FirebaseDemoProjectsUITests */,
			);
		};
/* End PBXProject section */

/* Begin PBXResourcesBuildPhase section */
		B11CEAEE2B351691005A9C95 /* Resources */ = {
			isa = PBXResourcesBuildPhase;
			buildActionMask = 2147483647;
			files = (
				B11CEAFB2B351692005A9C95 /* Preview Assets.xcassets in Resources */,
				B11CEAF82B351692005A9C95 /* Assets.xcassets in Resources */,
				B11CEB1E2B3518AC005A9C95 /* GoogleService-Info.plist in Resources */,
			);
			runOnlyForDeploymentPostprocessing = 0;
		};
		B11CEAFE2B351692005A9C95 /* Resources */ = {
			isa = PBXResourcesBuildPhase;
			buildActionMask = 2147483647;
			files = (
			);
			runOnlyForDeploymentPostprocessing = 0;
		};
		B11CEB082B351692005A9C95 /* Resources */ = {
			isa = PBXResourcesBuildPhase;
			buildActionMask = 2147483647;
			files = (
			);
			runOnlyForDeploymentPostprocessing = 0;
		};
/* End PBXResourcesBuildPhase section */

/* Begin PBXSourcesBuildPhase section */
		B11CEAEC2B351691005A9C95 /* Sources */ = {
			isa = PBXSourcesBuildPhase;
			buildActionMask = 2147483647;
			files = (
				B11CEAF62B351691005A9C95 /* AddProductView.swift in Sources */,
				B1FEEE0D2B468F18002DE584 /* ProductDetailView.swift in Sources */,
				B1FFE9212B4CCDFE004F5BE7 /* StorageView.swift in Sources */,
				B17CDDC52B47D58F0046FADC /* Restaurant.swift in Sources */,
				B1FFE91F2B4CCDF4004F5BE7 /* StorageManager.swift in Sources */,
				B11CEAF42B351691005A9C95 /* FirebaseDemoProjectsApp.swift in Sources */,
				B17CDDCB2B47DD4C0046FADC /* FireStoreView.swift in Sources */,
				B1976AE52B4BC36C00DEA236 /* RecordHomeView.swift in Sources */,
				B1976AE32B4BC28300DEA236 /* AddRecordView.swift in Sources */,
				B1FFE92E2B4CFEF1004F5BE7 /* AuthAddView.swift in Sources */,
				B1FFE92C2B4CE55E004F5BE7 /* AuthManager.swift in Sources */,
				B1976AE12B4BBFF800DEA236 /* Recordings.swift in Sources */,
				B1FEEE0F2B4694C9002DE584 /* HomeView.swift in Sources */,
				B1FFE9282B4CDB1C004F5BE7 /* AuthView.swift in Sources */,
				B1FEEE062B465258002DE584 /* Product.swift in Sources */,
				B1FFE9232B4CCEBE004F5BE7 /* ImageView.swift in Sources */,
				B1FEEE112B469D27002DE584 /* EditInformationView.swift in Sources */,
			);
			runOnlyForDeploymentPostprocessing = 0;
		};
		B11CEAFC2B351692005A9C95 /* Sources */ = {
			isa = PBXSourcesBuildPhase;
			buildActionMask = 2147483647;
			files = (
				B11CEB052B351692005A9C95 /* FirebaseDemoProjectsTests.swift in Sources */,
			);
			runOnlyForDeploymentPostprocessing = 0;
		};
		B11CEB062B351692005A9C95 /* Sources */ = {
			isa = PBXSourcesBuildPhase;
			buildActionMask = 2147483647;
			files = (
				B11CEB112B351692005A9C95 /* FirebaseDemoProjectsUITestsLaunchTests.swift in Sources */,
				B11CEB0F2B351692005A9C95 /* FirebaseDemoProjectsUITests.swift in Sources */,
			);
			runOnlyForDeploymentPostprocessing = 0;
		};
/* End PBXSourcesBuildPhase section */

/* Begin PBXTargetDependency section */
		B11CEB022B351692005A9C95 /* PBXTargetDependency */ = {
			isa = PBXTargetDependency;
			target = B11CEAEF2B351691005A9C95 /* FirebaseDemoProjects */;
			targetProxy = B11CEB012B351692005A9C95 /* PBXContainerItemProxy */;
		};
		B11CEB0C2B351692005A9C95 /* PBXTargetDependency */ = {
			isa = PBXTargetDependency;
			target = B11CEAEF2B351691005A9C95 /* FirebaseDemoProjects */;
			targetProxy = B11CEB0B2B351692005A9C95 /* PBXContainerItemProxy */;
		};
/* End PBXTargetDependency section */

/* Begin XCBuildConfiguration section */
		B11CEB122B351692005A9C95 /* Debug */ = {
			isa = XCBuildConfiguration;
			buildSettings = {
				ALWAYS_SEARCH_USER_PATHS = NO;
				ASSETCATALOG_COMPILER_GENERATE_SWIFT_ASSET_SYMBOL_EXTENSIONS = YES;
				CLANG_ANALYZER_NONNULL = YES;
				CLANG_ANALYZER_NUMBER_OBJECT_CONVERSION = YES_AGGRESSIVE;
				CLANG_CXX_LANGUAGE_STANDARD = "gnu++20";
				CLANG_ENABLE_MODULES = YES;
				CLANG_ENABLE_OBJC_ARC = YES;
				CLANG_ENABLE_OBJC_WEAK = YES;
				CLANG_WARN_BLOCK_CAPTURE_AUTORELEASING = YES;
				CLANG_WARN_BOOL_CONVERSION = YES;
				CLANG_WARN_COMMA = YES;
				CLANG_WARN_CONSTANT_CONVERSION = YES;
				CLANG_WARN_DEPRECATED_OBJC_IMPLEMENTATIONS = YES;
				CLANG_WARN_DIRECT_OBJC_ISA_USAGE = YES_ERROR;
				CLANG_WARN_DOCUMENTATION_COMMENTS = YES;
				CLANG_WARN_EMPTY_BODY = YES;
				CLANG_WARN_ENUM_CONVERSION = YES;
				CLANG_WARN_INFINITE_RECURSION = YES;
				CLANG_WARN_INT_CONVERSION = YES;
				CLANG_WARN_NON_LITERAL_NULL_CONVERSION = YES;
				CLANG_WARN_OBJC_IMPLICIT_RETAIN_SELF = YES;
				CLANG_WARN_OBJC_LITERAL_CONVERSION = YES;
				CLANG_WARN_OBJC_ROOT_CLASS = YES_ERROR;
				CLANG_WARN_QUOTED_INCLUDE_IN_FRAMEWORK_HEADER = YES;
				CLANG_WARN_RANGE_LOOP_ANALYSIS = YES;
				CLANG_WARN_STRICT_PROTOTYPES = YES;
				CLANG_WARN_SUSPICIOUS_MOVE = YES;
				CLANG_WARN_UNGUARDED_AVAILABILITY = YES_AGGRESSIVE;
				CLANG_WARN_UNREACHABLE_CODE = YES;
				CLANG_WARN__DUPLICATE_METHOD_MATCH = YES;
				COPY_PHASE_STRIP = NO;
				DEBUG_INFORMATION_FORMAT = dwarf;
				ENABLE_STRICT_OBJC_MSGSEND = YES;
				ENABLE_TESTABILITY = YES;
				ENABLE_USER_SCRIPT_SANDBOXING = YES;
				GCC_C_LANGUAGE_STANDARD = gnu17;
				GCC_DYNAMIC_NO_PIC = NO;
				GCC_NO_COMMON_BLOCKS = YES;
				GCC_OPTIMIZATION_LEVEL = 0;
				GCC_PREPROCESSOR_DEFINITIONS = (
					"DEBUG=1",
					"$(inherited)",
				);
				GCC_WARN_64_TO_32_BIT_CONVERSION = YES;
				GCC_WARN_ABOUT_RETURN_TYPE = YES_ERROR;
				GCC_WARN_UNDECLARED_SELECTOR = YES;
				GCC_WARN_UNINITIALIZED_AUTOS = YES_AGGRESSIVE;
				GCC_WARN_UNUSED_FUNCTION = YES;
				GCC_WARN_UNUSED_VARIABLE = YES;
				IPHONEOS_DEPLOYMENT_TARGET = 17.0;
				LOCALIZATION_PREFERS_STRING_CATALOGS = YES;
				MTL_ENABLE_DEBUG_INFO = INCLUDE_SOURCE;
				MTL_FAST_MATH = YES;
				ONLY_ACTIVE_ARCH = YES;
				SDKROOT = iphoneos;
				SWIFT_ACTIVE_COMPILATION_CONDITIONS = "DEBUG $(inherited)";
				SWIFT_OPTIMIZATION_LEVEL = "-Onone";
			};
			name = Debug;
		};
		B11CEB132B351692005A9C95 /* Release */ = {
			isa = XCBuildConfiguration;
			buildSettings = {
				ALWAYS_SEARCH_USER_PATHS = NO;
				ASSETCATALOG_COMPILER_GENERATE_SWIFT_ASSET_SYMBOL_EXTENSIONS = YES;
				CLANG_ANALYZER_NONNULL = YES;
				CLANG_ANALYZER_NUMBER_OBJECT_CONVERSION = YES_AGGRESSIVE;
				CLANG_CXX_LANGUAGE_STANDARD = "gnu++20";
				CLANG_ENABLE_MODULES = YES;
				CLANG_ENABLE_OBJC_ARC = YES;
				CLANG_ENABLE_OBJC_WEAK = YES;
				CLANG_WARN_BLOCK_CAPTURE_AUTORELEASING = YES;
				CLANG_WARN_BOOL_CONVERSION = YES;
				CLANG_WARN_COMMA = YES;
				CLANG_WARN_CONSTANT_CONVERSION = YES;
				CLANG_WARN_DEPRECATED_OBJC_IMPLEMENTATIONS = YES;
				CLANG_WARN_DIRECT_OBJC_ISA_USAGE = YES_ERROR;
				CLANG_WARN_DOCUMENTATION_COMMENTS = YES;
				CLANG_WARN_EMPTY_BODY = YES;
				CLANG_WARN_ENUM_CONVERSION = YES;
				CLANG_WARN_INFINITE_RECURSION = YES;
				CLANG_WARN_INT_CONVERSION = YES;
				CLANG_WARN_NON_LITERAL_NULL_CONVERSION = YES;
				CLANG_WARN_OBJC_IMPLICIT_RETAIN_SELF = YES;
				CLANG_WARN_OBJC_LITERAL_CONVERSION = YES;
				CLANG_WARN_OBJC_ROOT_CLASS = YES_ERROR;
				CLANG_WARN_QUOTED_INCLUDE_IN_FRAMEWORK_HEADER = YES;
				CLANG_WARN_RANGE_LOOP_ANALYSIS = YES;
				CLANG_WARN_STRICT_PROTOTYPES = YES;
				CLANG_WARN_SUSPICIOUS_MOVE = YES;
				CLANG_WARN_UNGUARDED_AVAILABILITY = YES_AGGRESSIVE;
				CLANG_WARN_UNREACHABLE_CODE = YES;
				CLANG_WARN__DUPLICATE_METHOD_MATCH = YES;
				COPY_PHASE_STRIP = NO;
				DEBUG_INFORMATION_FORMAT = "dwarf-with-dsym";
				ENABLE_NS_ASSERTIONS = NO;
				ENABLE_STRICT_OBJC_MSGSEND = YES;
				ENABLE_USER_SCRIPT_SANDBOXING = YES;
				GCC_C_LANGUAGE_STANDARD = gnu17;
				GCC_NO_COMMON_BLOCKS = YES;
				GCC_WARN_64_TO_32_BIT_CONVERSION = YES;
				GCC_WARN_ABOUT_RETURN_TYPE = YES_ERROR;
				GCC_WARN_UNDECLARED_SELECTOR = YES;
				GCC_WARN_UNINITIALIZED_AUTOS = YES_AGGRESSIVE;
				GCC_WARN_UNUSED_FUNCTION = YES;
				GCC_WARN_UNUSED_VARIABLE = YES;
				IPHONEOS_DEPLOYMENT_TARGET = 17.0;
				LOCALIZATION_PREFERS_STRING_CATALOGS = YES;
				MTL_ENABLE_DEBUG_INFO = NO;
				MTL_FAST_MATH = YES;
				SDKROOT = iphoneos;
				SWIFT_COMPILATION_MODE = wholemodule;
				VALIDATE_PRODUCT = YES;
			};
			name = Release;
		};
		B11CEB152B351692005A9C95 /* Debug */ = {
			isa = XCBuildConfiguration;
			buildSettings = {
				ASSETCATALOG_COMPILER_APPICON_NAME = AppIcon;
				ASSETCATALOG_COMPILER_GLOBAL_ACCENT_COLOR_NAME = AccentColor;
				CODE_SIGN_STYLE = Automatic;
				CURRENT_PROJECT_VERSION = 1;
				DEVELOPMENT_ASSET_PATHS = "\"FirebaseDemoProjects/Preview Content\"";
				DEVELOPMENT_TEAM = W53R97SB66;
				ENABLE_PREVIEWS = YES;
				GENERATE_INFOPLIST_FILE = YES;
				INFOPLIST_KEY_UIApplicationSceneManifest_Generation = YES;
				INFOPLIST_KEY_UIApplicationSupportsIndirectInputEvents = YES;
				INFOPLIST_KEY_UILaunchScreen_Generation = YES;
				INFOPLIST_KEY_UISupportedInterfaceOrientations_iPad = "UIInterfaceOrientationPortrait UIInterfaceOrientationPortraitUpsideDown UIInterfaceOrientationLandscapeLeft UIInterfaceOrientationLandscapeRight";
				INFOPLIST_KEY_UISupportedInterfaceOrientations_iPhone = "UIInterfaceOrientationPortrait UIInterfaceOrientationLandscapeLeft UIInterfaceOrientationLandscapeRight";
				LD_RUNPATH_SEARCH_PATHS = (
					"$(inherited)",
					"@executable_path/Frameworks",
				);
				MARKETING_VERSION = 1.0;
				PRODUCT_BUNDLE_IDENTIFIER = com.sh.FirebaseDemoProjects;
				PRODUCT_NAME = "$(TARGET_NAME)";
				SWIFT_EMIT_LOC_STRINGS = YES;
				SWIFT_VERSION = 5.0;
				TARGETED_DEVICE_FAMILY = "1,2";
			};
			name = Debug;
		};
		B11CEB162B351692005A9C95 /* Release */ = {
			isa = XCBuildConfiguration;
			buildSettings = {
				ASSETCATALOG_COMPILER_APPICON_NAME = AppIcon;
				ASSETCATALOG_COMPILER_GLOBAL_ACCENT_COLOR_NAME = AccentColor;
				CODE_SIGN_STYLE = Automatic;
				CURRENT_PROJECT_VERSION = 1;
				DEVELOPMENT_ASSET_PATHS = "\"FirebaseDemoProjects/Preview Content\"";
				DEVELOPMENT_TEAM = W53R97SB66;
				ENABLE_PREVIEWS = YES;
				GENERATE_INFOPLIST_FILE = YES;
				INFOPLIST_KEY_UIApplicationSceneManifest_Generation = YES;
				INFOPLIST_KEY_UIApplicationSupportsIndirectInputEvents = YES;
				INFOPLIST_KEY_UILaunchScreen_Generation = YES;
				INFOPLIST_KEY_UISupportedInterfaceOrientations_iPad = "UIInterfaceOrientationPortrait UIInterfaceOrientationPortraitUpsideDown UIInterfaceOrientationLandscapeLeft UIInterfaceOrientationLandscapeRight";
				INFOPLIST_KEY_UISupportedInterfaceOrientations_iPhone = "UIInterfaceOrientationPortrait UIInterfaceOrientationLandscapeLeft UIInterfaceOrientationLandscapeRight";
				LD_RUNPATH_SEARCH_PATHS = (
					"$(inherited)",
					"@executable_path/Frameworks",
				);
				MARKETING_VERSION = 1.0;
				PRODUCT_BUNDLE_IDENTIFIER = com.sh.FirebaseDemoProjects;
				PRODUCT_NAME = "$(TARGET_NAME)";
				SWIFT_EMIT_LOC_STRINGS = YES;
				SWIFT_VERSION = 5.0;
				TARGETED_DEVICE_FAMILY = "1,2";
			};
			name = Release;
		};
		B11CEB182B351692005A9C95 /* Debug */ = {
			isa = XCBuildConfiguration;
			buildSettings = {
				ALWAYS_EMBED_SWIFT_STANDARD_LIBRARIES = YES;
				BUNDLE_LOADER = "$(TEST_HOST)";
				CODE_SIGN_STYLE = Automatic;
				CURRENT_PROJECT_VERSION = 1;
				GENERATE_INFOPLIST_FILE = YES;
				IPHONEOS_DEPLOYMENT_TARGET = 17.0;
				MARKETING_VERSION = 1.0;
				PRODUCT_BUNDLE_IDENTIFIER = com.sh.FirebaseDemoProjectsTests;
				PRODUCT_NAME = "$(TARGET_NAME)";
				SWIFT_EMIT_LOC_STRINGS = NO;
				SWIFT_VERSION = 5.0;
				TARGETED_DEVICE_FAMILY = "1,2";
				TEST_HOST = "$(BUILT_PRODUCTS_DIR)/FirebaseDemoProjects.app/$(BUNDLE_EXECUTABLE_FOLDER_PATH)/FirebaseDemoProjects";
			};
			name = Debug;
		};
		B11CEB192B351692005A9C95 /* Release */ = {
			isa = XCBuildConfiguration;
			buildSettings = {
				ALWAYS_EMBED_SWIFT_STANDARD_LIBRARIES = YES;
				BUNDLE_LOADER = "$(TEST_HOST)";
				CODE_SIGN_STYLE = Automatic;
				CURRENT_PROJECT_VERSION = 1;
				GENERATE_INFOPLIST_FILE = YES;
				IPHONEOS_DEPLOYMENT_TARGET = 17.0;
				MARKETING_VERSION = 1.0;
				PRODUCT_BUNDLE_IDENTIFIER = com.sh.FirebaseDemoProjectsTests;
				PRODUCT_NAME = "$(TARGET_NAME)";
				SWIFT_EMIT_LOC_STRINGS = NO;
				SWIFT_VERSION = 5.0;
				TARGETED_DEVICE_FAMILY = "1,2";
				TEST_HOST = "$(BUILT_PRODUCTS_DIR)/FirebaseDemoProjects.app/$(BUNDLE_EXECUTABLE_FOLDER_PATH)/FirebaseDemoProjects";
			};
			name = Release;
		};
		B11CEB1B2B351692005A9C95 /* Debug */ = {
			isa = XCBuildConfiguration;
			buildSettings = {
				ALWAYS_EMBED_SWIFT_STANDARD_LIBRARIES = YES;
				CODE_SIGN_STYLE = Automatic;
				CURRENT_PROJECT_VERSION = 1;
				GENERATE_INFOPLIST_FILE = YES;
				MARKETING_VERSION = 1.0;
				PRODUCT_BUNDLE_IDENTIFIER = com.sh.FirebaseDemoProjectsUITests;
				PRODUCT_NAME = "$(TARGET_NAME)";
				SWIFT_EMIT_LOC_STRINGS = NO;
				SWIFT_VERSION = 5.0;
				TARGETED_DEVICE_FAMILY = "1,2";
				TEST_TARGET_NAME = FirebaseDemoProjects;
			};
			name = Debug;
		};
		B11CEB1C2B351692005A9C95 /* Release */ = {
			isa = XCBuildConfiguration;
			buildSettings = {
				ALWAYS_EMBED_SWIFT_STANDARD_LIBRARIES = YES;
				CODE_SIGN_STYLE = Automatic;
				CURRENT_PROJECT_VERSION = 1;
				GENERATE_INFOPLIST_FILE = YES;
				MARKETING_VERSION = 1.0;
				PRODUCT_BUNDLE_IDENTIFIER = com.sh.FirebaseDemoProjectsUITests;
				PRODUCT_NAME = "$(TARGET_NAME)";
				SWIFT_EMIT_LOC_STRINGS = NO;
				SWIFT_VERSION = 5.0;
				TARGETED_DEVICE_FAMILY = "1,2";
				TEST_TARGET_NAME = FirebaseDemoProjects;
			};
			name = Release;
		};
/* End XCBuildConfiguration section */

/* Begin XCConfigurationList section */
		B11CEAEB2B351691005A9C95 /* Build configuration list for PBXProject "FirebaseDemoProjects" */ = {
			isa = XCConfigurationList;
			buildConfigurations = (
				B11CEB122B351692005A9C95 /* Debug */,
				B11CEB132B351692005A9C95 /* Release */,
			);
			defaultConfigurationIsVisible = 0;
			defaultConfigurationName = Release;
		};
		B11CEB142B351692005A9C95 /* Build configuration list for PBXNativeTarget "FirebaseDemoProjects" */ = {
			isa = XCConfigurationList;
			buildConfigurations = (
				B11CEB152B351692005A9C95 /* Debug */,
				B11CEB162B351692005A9C95 /* Release */,
			);
			defaultConfigurationIsVisible = 0;
			defaultConfigurationName = Release;
		};
		B11CEB172B351692005A9C95 /* Build configuration list for PBXNativeTarget "FirebaseDemoProjectsTests" */ = {
			isa = XCConfigurationList;
			buildConfigurations = (
				B11CEB182B351692005A9C95 /* Debug */,
				B11CEB192B351692005A9C95 /* Release */,
			);
			defaultConfigurationIsVisible = 0;
			defaultConfigurationName = Release;
		};
		B11CEB1A2B351692005A9C95 /* Build configuration list for PBXNativeTarget "FirebaseDemoProjectsUITests" */ = {
			isa = XCConfigurationList;
			buildConfigurations = (
				B11CEB1B2B351692005A9C95 /* Debug */,
				B11CEB1C2B351692005A9C95 /* Release */,
			);
			defaultConfigurationIsVisible = 0;
			defaultConfigurationName = Release;
		};
/* End XCConfigurationList section */

/* Begin XCRemoteSwiftPackageReference section */
		B11CEB1F2B351BE2005A9C95 /* XCRemoteSwiftPackageReference "firebase-ios-sdk" */ = {
			isa = XCRemoteSwiftPackageReference;
			repositoryURL = "https://github.com/firebase/firebase-ios-sdk";
			requirement = {
				kind = upToNextMajorVersion;
				minimumVersion = 10.19.1;
			};
		};
/* End XCRemoteSwiftPackageReference section */

/* Begin XCSwiftPackageProductDependency section */
		B11CEB202B3520F4005A9C95 /* FirebaseAnalytics */ = {
			isa = XCSwiftPackageProductDependency;
			package = B11CEB1F2B351BE2005A9C95 /* XCRemoteSwiftPackageReference "firebase-ios-sdk" */;
			productName = FirebaseAnalytics;
		};
		B11CEB222B3520F4005A9C95 /* FirebaseAnalyticsSwift */ = {
			isa = XCSwiftPackageProductDependency;
			package = B11CEB1F2B351BE2005A9C95 /* XCRemoteSwiftPackageReference "firebase-ios-sdk" */;
			productName = FirebaseAnalyticsSwift;
		};
		B17CDDC82B47D7FB0046FADC /* FirebaseFirestore */ = {
			isa = XCSwiftPackageProductDependency;
			package = B11CEB1F2B351BE2005A9C95 /* XCRemoteSwiftPackageReference "firebase-ios-sdk" */;
			productName = FirebaseFirestore;
		};
		B1FEEE082B4657BC002DE584 /* FirebaseDatabase */ = {
			isa = XCSwiftPackageProductDependency;
			package = B11CEB1F2B351BE2005A9C95 /* XCRemoteSwiftPackageReference "firebase-ios-sdk" */;
			productName = FirebaseDatabase;
		};
		B1FEEE0A2B4657C5002DE584 /* FirebaseDatabaseSwift */ = {
			isa = XCSwiftPackageProductDependency;
			package = B11CEB1F2B351BE2005A9C95 /* XCRemoteSwiftPackageReference "firebase-ios-sdk" */;
			productName = FirebaseDatabaseSwift;
		};
		B1FFE9242B4CCFD8004F5BE7 /* FirebaseStorage */ = {
			isa = XCSwiftPackageProductDependency;
			package = B11CEB1F2B351BE2005A9C95 /* XCRemoteSwiftPackageReference "firebase-ios-sdk" */;
			productName = FirebaseStorage;
		};
		B1FFE9292B4CDBC1004F5BE7 /* FirebaseAuth */ = {
			isa = XCSwiftPackageProductDependency;
			package = B11CEB1F2B351BE2005A9C95 /* XCRemoteSwiftPackageReference "firebase-ios-sdk" */;
			productName = FirebaseAuth;
		};
/* End XCSwiftPackageProductDependency section */
	};
	rootObject = B11CEAE82B351691005A9C95 /* Project object */;
}
